// !$*UTF8*$!
{
	archiveVersion = 1;
	classes = {
	};
	objectVersion = 46;
	objects = {

/* Begin PBXBuildFile section */
		9404AB3B1700F3CD00E0D3AF /* playlist.png in Resources */ = {isa = PBXBuildFile; fileRef = 9404AB3A1700F3CD00E0D3AF /* playlist.png */; };
		9404AB3E1700F4A000E0D3AF /* SDPlaylistCollection.m in Sources */ = {isa = PBXBuildFile; fileRef = 9404AB3D1700F4A000E0D3AF /* SDPlaylistCollection.m */; };
		9404AB411700F4A900E0D3AF /* SDUserPlaylist.m in Sources */ = {isa = PBXBuildFile; fileRef = 9404AB401700F4A900E0D3AF /* SDUserPlaylist.m */; };
		9404AB441700F4EF00E0D3AF /* SDUserDataManager.m in Sources */ = {isa = PBXBuildFile; fileRef = 9404AB431700F4EF00E0D3AF /* SDUserDataManager.m */; };
		9404AB481700F5AC00E0D3AF /* SDPlayerWindowController.m in Sources */ = {isa = PBXBuildFile; fileRef = 9404AB461700F5AC00E0D3AF /* SDPlayerWindowController.m */; };
		9404AB491700F5AC00E0D3AF /* PlayerWindow.xib in Resources */ = {isa = PBXBuildFile; fileRef = 9404AB471700F5AC00E0D3AF /* PlayerWindow.xib */; };
		9404AB4C1700F9C000E0D3AF /* SDMasterPlaylist.m in Sources */ = {isa = PBXBuildFile; fileRef = 9404AB4B1700F9C000E0D3AF /* SDMasterPlaylist.m */; };
		9406AF8817014783004091DD /* SDMusicPlayer.m in Sources */ = {isa = PBXBuildFile; fileRef = 9406AF8717014783004091DD /* SDMusicPlayer.m */; };
		9460F2DB16FF781100DB85C4 /* Cocoa.framework in Frameworks */ = {isa = PBXBuildFile; fileRef = 9460F2DA16FF781100DB85C4 /* Cocoa.framework */; };
		9460F2E516FF781100DB85C4 /* InfoPlist.strings in Resources */ = {isa = PBXBuildFile; fileRef = 9460F2E316FF781100DB85C4 /* InfoPlist.strings */; };
		9460F2E716FF781100DB85C4 /* main.m in Sources */ = {isa = PBXBuildFile; fileRef = 9460F2E616FF781100DB85C4 /* main.m */; };
		9460F2EE16FF781100DB85C4 /* SDAppDelegate.m in Sources */ = {isa = PBXBuildFile; fileRef = 9460F2ED16FF781100DB85C4 /* SDAppDelegate.m */; };
		9460F2F116FF781100DB85C4 /* MainMenu.xib in Resources */ = {isa = PBXBuildFile; fileRef = 9460F2EF16FF781100DB85C4 /* MainMenu.xib */; };
		9460F30416FFA23100DB85C4 /* AVFoundation.framework in Frameworks */ = {isa = PBXBuildFile; fileRef = 9460F30316FFA23100DB85C4 /* AVFoundation.framework */; };
		9460F30A16FFE9BF00DB85C4 /* SDSong.m in Sources */ = {isa = PBXBuildFile; fileRef = 9460F30916FFE9BF00DB85C4 /* SDSong.m */; };
		94AFAD6E17008988007F10B1 /* MAKVONotificationCenter-LICENSE in Resources */ = {isa = PBXBuildFile; fileRef = 94AFAD6B17008988007F10B1 /* MAKVONotificationCenter-LICENSE */; };
		94AFAD6F17008988007F10B1 /* MAKVONotificationCenter.m in Sources */ = {isa = PBXBuildFile; fileRef = 94AFAD6D17008988007F10B1 /* MAKVONotificationCenter.m */; };
/* End PBXBuildFile section */

/* Begin PBXFileReference section */
		9404AB3A1700F3CD00E0D3AF /* playlist.png */ = {isa = PBXFileReference; lastKnownFileType = image.png; path = playlist.png; sourceTree = "<group>"; };
		9404AB3C1700F4A000E0D3AF /* SDPlaylistCollection.h */ = {isa = PBXFileReference; fileEncoding = 4; lastKnownFileType = sourcecode.c.h; path = SDPlaylistCollection.h; sourceTree = "<group>"; };
		9404AB3D1700F4A000E0D3AF /* SDPlaylistCollection.m */ = {isa = PBXFileReference; fileEncoding = 4; lastKnownFileType = sourcecode.c.objc; path = SDPlaylistCollection.m; sourceTree = "<group>"; };
		9404AB3F1700F4A900E0D3AF /* SDUserPlaylist.h */ = {isa = PBXFileReference; fileEncoding = 4; lastKnownFileType = sourcecode.c.h; path = SDUserPlaylist.h; sourceTree = "<group>"; };
		9404AB401700F4A900E0D3AF /* SDUserPlaylist.m */ = {isa = PBXFileReference; fileEncoding = 4; lastKnownFileType = sourcecode.c.objc; path = SDUserPlaylist.m; sourceTree = "<group>"; };
		9404AB421700F4EF00E0D3AF /* SDUserDataManager.h */ = {isa = PBXFileReference; fileEncoding = 4; lastKnownFileType = sourcecode.c.h; path = SDUserDataManager.h; sourceTree = "<group>"; };
		9404AB431700F4EF00E0D3AF /* SDUserDataManager.m */ = {isa = PBXFileReference; fileEncoding = 4; lastKnownFileType = sourcecode.c.objc; path = SDUserDataManager.m; sourceTree = "<group>"; };
		9404AB451700F5AC00E0D3AF /* SDPlayerWindowController.h */ = {isa = PBXFileReference; fileEncoding = 4; lastKnownFileType = sourcecode.c.h; path = SDPlayerWindowController.h; sourceTree = "<group>"; };
		9404AB461700F5AC00E0D3AF /* SDPlayerWindowController.m */ = {isa = PBXFileReference; fileEncoding = 4; lastKnownFileType = sourcecode.c.objc; path = SDPlayerWindowController.m; sourceTree = "<group>"; };
		9404AB471700F5AC00E0D3AF /* PlayerWindow.xib */ = {isa = PBXFileReference; fileEncoding = 4; lastKnownFileType = file.xib; path = PlayerWindow.xib; sourceTree = "<group>"; };
		9404AB4A1700F9C000E0D3AF /* SDMasterPlaylist.h */ = {isa = PBXFileReference; fileEncoding = 4; lastKnownFileType = sourcecode.c.h; path = SDMasterPlaylist.h; sourceTree = "<group>"; };
		9404AB4B1700F9C000E0D3AF /* SDMasterPlaylist.m */ = {isa = PBXFileReference; fileEncoding = 4; lastKnownFileType = sourcecode.c.objc; path = SDMasterPlaylist.m; sourceTree = "<group>"; };
		9406AF8617014783004091DD /* SDMusicPlayer.h */ = {isa = PBXFileReference; fileEncoding = 4; lastKnownFileType = sourcecode.c.h; path = SDMusicPlayer.h; sourceTree = "<group>"; };
		9406AF8717014783004091DD /* SDMusicPlayer.m */ = {isa = PBXFileReference; fileEncoding = 4; lastKnownFileType = sourcecode.c.objc; path = SDMusicPlayer.m; sourceTree = "<group>"; };
		942460B717012FF4009CD8BC /* SDPlaylistNode.h */ = {isa = PBXFileReference; lastKnownFileType = sourcecode.c.h; path = SDPlaylistNode.h; sourceTree = "<group>"; };
		942460B917013429009CD8BC /* SDPlaylist.h */ = {isa = PBXFileReference; lastKnownFileType = sourcecode.c.h; path = SDPlaylist.h; sourceTree = "<group>"; };
		9460F2D716FF781100DB85C4 /* Songs.app */ = {isa = PBXFileReference; explicitFileType = wrapper.application; includeInIndex = 0; path = Songs.app; sourceTree = BUILT_PRODUCTS_DIR; };
		9460F2DA16FF781100DB85C4 /* Cocoa.framework */ = {isa = PBXFileReference; lastKnownFileType = wrapper.framework; name = Cocoa.framework; path = System/Library/Frameworks/Cocoa.framework; sourceTree = SDKROOT; };
		9460F2DD16FF781100DB85C4 /* AppKit.framework */ = {isa = PBXFileReference; lastKnownFileType = wrapper.framework; name = AppKit.framework; path = System/Library/Frameworks/AppKit.framework; sourceTree = SDKROOT; };
		9460F2DE16FF781100DB85C4 /* CoreData.framework */ = {isa = PBXFileReference; lastKnownFileType = wrapper.framework; name = CoreData.framework; path = System/Library/Frameworks/CoreData.framework; sourceTree = SDKROOT; };
		9460F2DF16FF781100DB85C4 /* Foundation.framework */ = {isa = PBXFileReference; lastKnownFileType = wrapper.framework; name = Foundation.framework; path = System/Library/Frameworks/Foundation.framework; sourceTree = SDKROOT; };
		9460F2E216FF781100DB85C4 /* Songs-Info.plist */ = {isa = PBXFileReference; lastKnownFileType = text.plist.xml; path = "Songs-Info.plist"; sourceTree = "<group>"; };
		9460F2E416FF781100DB85C4 /* en */ = {isa = PBXFileReference; lastKnownFileType = text.plist.strings; name = en; path = en.lproj/InfoPlist.strings; sourceTree = "<group>"; };
		9460F2E616FF781100DB85C4 /* main.m */ = {isa = PBXFileReference; lastKnownFileType = sourcecode.c.objc; path = main.m; sourceTree = "<group>"; };
		9460F2E816FF781100DB85C4 /* Songs-Prefix.pch */ = {isa = PBXFileReference; lastKnownFileType = sourcecode.c.h; path = "Songs-Prefix.pch"; sourceTree = "<group>"; };
		9460F2EC16FF781100DB85C4 /* SDAppDelegate.h */ = {isa = PBXFileReference; lastKnownFileType = sourcecode.c.h; path = SDAppDelegate.h; sourceTree = "<group>"; };
		9460F2ED16FF781100DB85C4 /* SDAppDelegate.m */ = {isa = PBXFileReference; lastKnownFileType = sourcecode.c.objc; path = SDAppDelegate.m; sourceTree = "<group>"; };
		9460F2F016FF781100DB85C4 /* en */ = {isa = PBXFileReference; lastKnownFileType = file.xib; name = en; path = en.lproj/MainMenu.xib; sourceTree = "<group>"; };
		9460F2F716FF782400DB85C4 /* Songs.entitlements */ = {isa = PBXFileReference; lastKnownFileType = text.xml; path = Songs.entitlements; sourceTree = "<group>"; };
		9460F30316FFA23100DB85C4 /* AVFoundation.framework */ = {isa = PBXFileReference; lastKnownFileType = wrapper.framework; name = AVFoundation.framework; path = System/Library/Frameworks/AVFoundation.framework; sourceTree = SDKROOT; };
		9460F30816FFE9BF00DB85C4 /* SDSong.h */ = {isa = PBXFileReference; fileEncoding = 4; lastKnownFileType = sourcecode.c.h; path = SDSong.h; sourceTree = "<group>"; };
		9460F30916FFE9BF00DB85C4 /* SDSong.m */ = {isa = PBXFileReference; fileEncoding = 4; lastKnownFileType = sourcecode.c.objc; path = SDSong.m; sourceTree = "<group>"; };
		94AFAD6B17008988007F10B1 /* MAKVONotificationCenter-LICENSE */ = {isa = PBXFileReference; fileEncoding = 4; lastKnownFileType = text; path = "MAKVONotificationCenter-LICENSE"; sourceTree = "<group>"; };
		94AFAD6C17008988007F10B1 /* MAKVONotificationCenter.h */ = {isa = PBXFileReference; fileEncoding = 4; lastKnownFileType = sourcecode.c.h; path = MAKVONotificationCenter.h; sourceTree = "<group>"; };
		94AFAD6D17008988007F10B1 /* MAKVONotificationCenter.m */ = {isa = PBXFileReference; fileEncoding = 4; lastKnownFileType = sourcecode.c.objc; path = MAKVONotificationCenter.m; sourceTree = "<group>"; };
/* End PBXFileReference section */

/* Begin PBXFrameworksBuildPhase section */
		9460F2D416FF781100DB85C4 /* Frameworks */ = {
			isa = PBXFrameworksBuildPhase;
			buildActionMask = 2147483647;
			files = (
				9460F30416FFA23100DB85C4 /* AVFoundation.framework in Frameworks */,
				9460F2DB16FF781100DB85C4 /* Cocoa.framework in Frameworks */,
			);
			runOnlyForDeploymentPostprocessing = 0;
		};
/* End PBXFrameworksBuildPhase section */

/* Begin PBXGroup section */
		942460B617012FE2009CD8BC /* Protocols */ = {
			isa = PBXGroup;
			children = (
				942460B717012FF4009CD8BC /* SDPlaylistNode.h */,
				942460B917013429009CD8BC /* SDPlaylist.h */,
			);
			name = Protocols;
			sourceTree = "<group>";
		};
		9460F2CE16FF781100DB85C4 = {
			isa = PBXGroup;
			children = (
				9460F2E016FF781100DB85C4 /* Songs */,
				9460F2D916FF781100DB85C4 /* Frameworks */,
				9460F2D816FF781100DB85C4 /* Products */,
			);
			sourceTree = "<group>";
		};
		9460F2D816FF781100DB85C4 /* Products */ = {
			isa = PBXGroup;
			children = (
				9460F2D716FF781100DB85C4 /* Songs.app */,
			);
			name = Products;
			sourceTree = "<group>";
		};
		9460F2D916FF781100DB85C4 /* Frameworks */ = {
			isa = PBXGroup;
			children = (
				9460F30316FFA23100DB85C4 /* AVFoundation.framework */,
				9460F2DA16FF781100DB85C4 /* Cocoa.framework */,
				9460F2DC16FF781100DB85C4 /* Other Frameworks */,
			);
			name = Frameworks;
			sourceTree = "<group>";
		};
		9460F2DC16FF781100DB85C4 /* Other Frameworks */ = {
			isa = PBXGroup;
			children = (
				9460F2DD16FF781100DB85C4 /* AppKit.framework */,
				9460F2DE16FF781100DB85C4 /* CoreData.framework */,
				9460F2DF16FF781100DB85C4 /* Foundation.framework */,
			);
			name = "Other Frameworks";
			sourceTree = "<group>";
		};
		9460F2E016FF781100DB85C4 /* Songs */ = {
			isa = PBXGroup;
			children = (
				9460F2E216FF781100DB85C4 /* Songs-Info.plist */,
				9460F2F716FF782400DB85C4 /* Songs.entitlements */,
				94AFAD6A1700897D007F10B1 /* Third Party */,
				942460B617012FE2009CD8BC /* Protocols */,
				9460F2FF16FFA19B00DB85C4 /* Models */,
				9460F2F916FF783100DB85C4 /* XIBs */,
				9460F2F816FF782C00DB85C4 /* Controllers */,
				948D91CC170017EB00436B79 /* Views */,
				94AFAD661700823C007F10B1 /* Graphics */,
				9460F2E116FF781100DB85C4 /* Supporting Files */,
			);
			path = Songs;
			sourceTree = "<group>";
		};
		9460F2E116FF781100DB85C4 /* Supporting Files */ = {
			isa = PBXGroup;
			children = (
				9460F2E316FF781100DB85C4 /* InfoPlist.strings */,
				9460F2E616FF781100DB85C4 /* main.m */,
				9460F2E816FF781100DB85C4 /* Songs-Prefix.pch */,
			);
			name = "Supporting Files";
			sourceTree = "<group>";
		};
		9460F2F816FF782C00DB85C4 /* Controllers */ = {
			isa = PBXGroup;
			children = (
				9460F2EC16FF781100DB85C4 /* SDAppDelegate.h */,
				9460F2ED16FF781100DB85C4 /* SDAppDelegate.m */,
				9404AB451700F5AC00E0D3AF /* SDPlayerWindowController.h */,
				9404AB461700F5AC00E0D3AF /* SDPlayerWindowController.m */,
				9406AF8617014783004091DD /* SDMusicPlayer.h */,
				9406AF8717014783004091DD /* SDMusicPlayer.m */,
			);
			name = Controllers;
			sourceTree = "<group>";
		};
		9460F2F916FF783100DB85C4 /* XIBs */ = {
			isa = PBXGroup;
			children = (
				9460F2EF16FF781100DB85C4 /* MainMenu.xib */,
				9404AB471700F5AC00E0D3AF /* PlayerWindow.xib */,
			);
			name = XIBs;
			sourceTree = "<group>";
		};
		9460F2FF16FFA19B00DB85C4 /* Models */ = {
			isa = PBXGroup;
			children = (
				9404AB421700F4EF00E0D3AF /* SDUserDataManager.h */,
				9404AB431700F4EF00E0D3AF /* SDUserDataManager.m */,
				9460F30816FFE9BF00DB85C4 /* SDSong.h */,
				9460F30916FFE9BF00DB85C4 /* SDSong.m */,
				9404AB4A1700F9C000E0D3AF /* SDMasterPlaylist.h */,
				9404AB4B1700F9C000E0D3AF /* SDMasterPlaylist.m */,
				9404AB3F1700F4A900E0D3AF /* SDUserPlaylist.h */,
				9404AB401700F4A900E0D3AF /* SDUserPlaylist.m */,
				9404AB3C1700F4A000E0D3AF /* SDPlaylistCollection.h */,
				9404AB3D1700F4A000E0D3AF /* SDPlaylistCollection.m */,
			);
			name = Models;
			sourceTree = "<group>";
		};
		948D91CC170017EB00436B79 /* Views */ = {
			isa = PBXGroup;
			children = (
			);
			name = Views;
			sourceTree = "<group>";
		};
		94AFAD661700823C007F10B1 /* Graphics */ = {
			isa = PBXGroup;
			children = (
				9404AB3A1700F3CD00E0D3AF /* playlist.png */,
			);
			name = Graphics;
			sourceTree = "<group>";
		};
		94AFAD6A1700897D007F10B1 /* Third Party */ = {
			isa = PBXGroup;
			children = (
				94AFAD6B17008988007F10B1 /* MAKVONotificationCenter-LICENSE */,
				94AFAD6C17008988007F10B1 /* MAKVONotificationCenter.h */,
				94AFAD6D17008988007F10B1 /* MAKVONotificationCenter.m */,
			);
			name = "Third Party";
			sourceTree = "<group>";
		};
/* End PBXGroup section */

/* Begin PBXNativeTarget section */
		9460F2D616FF781100DB85C4 /* Songs */ = {
			isa = PBXNativeTarget;
			buildConfigurationList = 9460F2F416FF781100DB85C4 /* Build configuration list for PBXNativeTarget "Songs" */;
			buildPhases = (
				9460F2D316FF781100DB85C4 /* Sources */,
				9460F2D416FF781100DB85C4 /* Frameworks */,
				9460F2D516FF781100DB85C4 /* Resources */,
			);
			buildRules = (
			);
			dependencies = (
			);
			name = Songs;
			productName = Songs;
			productReference = 9460F2D716FF781100DB85C4 /* Songs.app */;
			productType = "com.apple.product-type.application";
		};
/* End PBXNativeTarget section */

/* Begin PBXProject section */
		9460F2CF16FF781100DB85C4 /* Project object */ = {
			isa = PBXProject;
			attributes = {
				CLASSPREFIX = SD;
				LastUpgradeCheck = 0460;
				ORGANIZATIONNAME = "Steven Degutis";
			};
			buildConfigurationList = 9460F2D216FF781100DB85C4 /* Build configuration list for PBXProject "Songs" */;
			compatibilityVersion = "Xcode 3.2";
			developmentRegion = English;
			hasScannedForEncodings = 0;
			knownRegions = (
				en,
			);
			mainGroup = 9460F2CE16FF781100DB85C4;
			productRefGroup = 9460F2D816FF781100DB85C4 /* Products */;
			projectDirPath = "";
			projectRoot = "";
			targets = (
				9460F2D616FF781100DB85C4 /* Songs */,
			);
		};
/* End PBXProject section */

/* Begin PBXResourcesBuildPhase section */
		9460F2D516FF781100DB85C4 /* Resources */ = {
			isa = PBXResourcesBuildPhase;
			buildActionMask = 2147483647;
			files = (
				9460F2E516FF781100DB85C4 /* InfoPlist.strings in Resources */,
				9460F2F116FF781100DB85C4 /* MainMenu.xib in Resources */,
				94AFAD6E17008988007F10B1 /* MAKVONotificationCenter-LICENSE in Resources */,
				9404AB3B1700F3CD00E0D3AF /* playlist.png in Resources */,
				9404AB491700F5AC00E0D3AF /* PlayerWindow.xib in Resources */,
			);
			runOnlyForDeploymentPostprocessing = 0;
		};
/* End PBXResourcesBuildPhase section */

/* Begin PBXSourcesBuildPhase section */
		9460F2D316FF781100DB85C4 /* Sources */ = {
			isa = PBXSourcesBuildPhase;
			buildActionMask = 2147483647;
			files = (
				9460F2E716FF781100DB85C4 /* main.m in Sources */,
				9460F2EE16FF781100DB85C4 /* SDAppDelegate.m in Sources */,
				9460F30A16FFE9BF00DB85C4 /* SDSong.m in Sources */,
				94AFAD6F17008988007F10B1 /* MAKVONotificationCenter.m in Sources */,
				9404AB3E1700F4A000E0D3AF /* SDPlaylistCollection.m in Sources */,
				9404AB411700F4A900E0D3AF /* SDUserPlaylist.m in Sources */,
				9404AB441700F4EF00E0D3AF /* SDUserDataManager.m in Sources */,
				9404AB481700F5AC00E0D3AF /* SDPlayerWindowController.m in Sources */,
				9404AB4C1700F9C000E0D3AF /* SDMasterPlaylist.m in Sources */,
				9406AF8817014783004091DD /* SDMusicPlayer.m in Sources */,
			);
			runOnlyForDeploymentPostprocessing = 0;
		};
/* End PBXSourcesBuildPhase section */

/* Begin PBXVariantGroup section */
		9460F2E316FF781100DB85C4 /* InfoPlist.strings */ = {
			isa = PBXVariantGroup;
			children = (
				9460F2E416FF781100DB85C4 /* en */,
			);
			name = InfoPlist.strings;
			sourceTree = "<group>";
		};
		9460F2EF16FF781100DB85C4 /* MainMenu.xib */ = {
			isa = PBXVariantGroup;
			children = (
				9460F2F016FF781100DB85C4 /* en */,
			);
			name = MainMenu.xib;
			sourceTree = "<group>";
		};
/* End PBXVariantGroup section */

/* Begin XCBuildConfiguration section */
		9460F2F216FF781100DB85C4 /* Debug */ = {
			isa = XCBuildConfiguration;
			buildSettings = {
				ALWAYS_SEARCH_USER_PATHS = NO;
				ARCHS = "$(ARCHS_STANDARD_64_BIT)";
				CLANG_CXX_LANGUAGE_STANDARD = "gnu++0x";
				CLANG_CXX_LIBRARY = "libc++";
				CLANG_ENABLE_OBJC_ARC = YES;
				CLANG_WARN_CONSTANT_CONVERSION = YES;
				CLANG_WARN_EMPTY_BODY = YES;
				CLANG_WARN_ENUM_CONVERSION = YES;
				CLANG_WARN_INT_CONVERSION = YES;
				CLANG_WARN__DUPLICATE_METHOD_MATCH = YES;
				COPY_PHASE_STRIP = NO;
				GCC_C_LANGUAGE_STANDARD = gnu99;
				GCC_DYNAMIC_NO_PIC = NO;
				GCC_ENABLE_OBJC_EXCEPTIONS = YES;
				GCC_OPTIMIZATION_LEVEL = 0;
				GCC_PREPROCESSOR_DEFINITIONS = (
					"DEBUG=1",
					"$(inherited)",
				);
				GCC_SYMBOLS_PRIVATE_EXTERN = NO;
				GCC_WARN_64_TO_32_BIT_CONVERSION = YES;
				GCC_WARN_ABOUT_RETURN_TYPE = YES;
				GCC_WARN_UNINITIALIZED_AUTOS = YES;
				GCC_WARN_UNUSED_VARIABLE = YES;
				MACOSX_DEPLOYMENT_TARGET = 10.8;
				ONLY_ACTIVE_ARCH = YES;
				SDKROOT = macosx;
			};
			name = Debug;
		};
		9460F2F316FF781100DB85C4 /* Release */ = {
			isa = XCBuildConfiguration;
			buildSettings = {
				ALWAYS_SEARCH_USER_PATHS = NO;
				ARCHS = "$(ARCHS_STANDARD_64_BIT)";
				CLANG_CXX_LANGUAGE_STANDARD = "gnu++0x";
				CLANG_CXX_LIBRARY = "libc++";
				CLANG_ENABLE_OBJC_ARC = YES;
				CLANG_WARN_CONSTANT_CONVERSION = YES;
				CLANG_WARN_EMPTY_BODY = YES;
				CLANG_WARN_ENUM_CONVERSION = YES;
				CLANG_WARN_INT_CONVERSION = YES;
				CLANG_WARN__DUPLICATE_METHOD_MATCH = YES;
				COPY_PHASE_STRIP = YES;
				DEBUG_INFORMATION_FORMAT = "dwarf-with-dsym";
				GCC_C_LANGUAGE_STANDARD = gnu99;
				GCC_ENABLE_OBJC_EXCEPTIONS = YES;
				GCC_WARN_64_TO_32_BIT_CONVERSION = YES;
				GCC_WARN_ABOUT_RETURN_TYPE = YES;
				GCC_WARN_UNINITIALIZED_AUTOS = YES;
				GCC_WARN_UNUSED_VARIABLE = YES;
				MACOSX_DEPLOYMENT_TARGET = 10.8;
				SDKROOT = macosx;
			};
			name = Release;
		};
		9460F2F516FF781100DB85C4 /* Debug */ = {
			isa = XCBuildConfiguration;
			buildSettings = {
				CODE_SIGN_ENTITLEMENTS = Songs/Songs.entitlements;
				CODE_SIGN_IDENTITY = "Mac Developer";
				COMBINE_HIDPI_IMAGES = YES;
				GCC_PRECOMPILE_PREFIX_HEADER = YES;
				GCC_PREFIX_HEADER = "Songs/Songs-Prefix.pch";
				INFOPLIST_FILE = "Songs/Songs-Info.plist";
				PRODUCT_NAME = "$(TARGET_NAME)";
				WRAPPER_EXTENSION = app;
			};
			name = Debug;
		};
		9460F2F616FF781100DB85C4 /* Release */ = {
			isa = XCBuildConfiguration;
			buildSettings = {
				CODE_SIGN_ENTITLEMENTS = Songs/Songs.entitlements;
				CODE_SIGN_IDENTITY = "Mac Developer";
				COMBINE_HIDPI_IMAGES = YES;
				GCC_PRECOMPILE_PREFIX_HEADER = YES;
				GCC_PREFIX_HEADER = "Songs/Songs-Prefix.pch";
				INFOPLIST_FILE = "Songs/Songs-Info.plist";
				PRODUCT_NAME = "$(TARGET_NAME)";
				WRAPPER_EXTENSION = app;
			};
			name = Release;
		};
/* End XCBuildConfiguration section */

/* Begin XCConfigurationList section */
		9460F2D216FF781100DB85C4 /* Build configuration list for PBXProject "Songs" */ = {
			isa = XCConfigurationList;
			buildConfigurations = (
				9460F2F216FF781100DB85C4 /* Debug */,
				9460F2F316FF781100DB85C4 /* Release */,
			);
			defaultConfigurationIsVisible = 0;
			defaultConfigurationName = Release;
		};
		9460F2F416FF781100DB85C4 /* Build configuration list for PBXNativeTarget "Songs" */ = {
			isa = XCConfigurationList;
			buildConfigurations = (
				9460F2F516FF781100DB85C4 /* Debug */,
				9460F2F616FF781100DB85C4 /* Release */,
			);
			defaultConfigurationIsVisible = 0;
			defaultConfigurationName = Release;
		};
/* End XCConfigurationList section */
	};
	rootObject = 9460F2CF16FF781100DB85C4 /* Project object */;
}
